// !$*UTF8*$!
{
	archiveVersion = 1;
	classes = {
	};
	objectVersion = 50;
	objects = {

/* Begin PBXBuildFile section */
		04BDA0BBDFA8FDA059349C6A /* Pods_MyCharts.framework in Frameworks */ = {isa = PBXBuildFile; fileRef = 16AEE5040F27218F18DADED4 /* Pods_MyCharts.framework */; };
		740EBFD724A0A8ED005468DE /* AppDelegate.swift in Sources */ = {isa = PBXBuildFile; fileRef = 740EBFD624A0A8ED005468DE /* AppDelegate.swift */; };
		740EBFD924A0A8ED005468DE /* SceneDelegate.swift in Sources */ = {isa = PBXBuildFile; fileRef = 740EBFD824A0A8ED005468DE /* SceneDelegate.swift */; };
		740EBFDB24A0A8ED005468DE /* ViewController.swift in Sources */ = {isa = PBXBuildFile; fileRef = 740EBFDA24A0A8ED005468DE /* ViewController.swift */; };
		740EBFDE24A0A8ED005468DE /* Main.storyboard in Resources */ = {isa = PBXBuildFile; fileRef = 740EBFDC24A0A8ED005468DE /* Main.storyboard */; };
		740EBFE024A0A8EF005468DE /* Assets.xcassets in Resources */ = {isa = PBXBuildFile; fileRef = 740EBFDF24A0A8EF005468DE /* Assets.xcassets */; };
		740EBFE324A0A8EF005468DE /* LaunchScreen.storyboard in Resources */ = {isa = PBXBuildFile; fileRef = 740EBFE124A0A8EF005468DE /* LaunchScreen.storyboard */; };
/* End PBXBuildFile section */

/* Begin PBXFileReference section */
		16AEE5040F27218F18DADED4 /* Pods_MyCharts.framework */ = {isa = PBXFileReference; explicitFileType = wrapper.framework; includeInIndex = 0; path = Pods_MyCharts.framework; sourceTree = BUILT_PRODUCTS_DIR; };
		740EBFD324A0A8ED005468DE /* MyCharts.app */ = {isa = PBXFileReference; explicitFileType = wrapper.application; includeInIndex = 0; path = MyCharts.app; sourceTree = BUILT_PRODUCTS_DIR; };
		740EBFD624A0A8ED005468DE /* AppDelegate.swift */ = {isa = PBXFileReference; lastKnownFileType = sourcecode.swift; path = AppDelegate.swift; sourceTree = "<group>"; };
		740EBFD824A0A8ED005468DE /* SceneDelegate.swift */ = {isa = PBXFileReference; lastKnownFileType = sourcecode.swift; path = SceneDelegate.swift; sourceTree = "<group>"; };
		740EBFDA24A0A8ED005468DE /* ViewController.swift */ = {isa = PBXFileReference; lastKnownFileType = sourcecode.swift; path = ViewController.swift; sourceTree = "<group>"; };
		740EBFDD24A0A8ED005468DE /* Base */ = {isa = PBXFileReference; lastKnownFileType = file.storyboard; name = Base; path = Base.lproj/Main.storyboard; sourceTree = "<group>"; };
		740EBFDF24A0A8EF005468DE /* Assets.xcassets */ = {isa = PBXFileReference; lastKnownFileType = folder.assetcatalog; path = Assets.xcassets; sourceTree = "<group>"; };
		740EBFE224A0A8EF005468DE /* Base */ = {isa = PBXFileReference; lastKnownFileType = file.storyboard; name = Base; path = Base.lproj/LaunchScreen.storyboard; sourceTree = "<group>"; };
		740EBFE424A0A8EF005468DE /* Info.plist */ = {isa = PBXFileReference; lastKnownFileType = text.plist.xml; path = Info.plist; sourceTree = "<group>"; };
		D91C8AA310BCF2CDD4390613 /* Pods-MyCharts.debug.xcconfig */ = {isa = PBXFileReference; includeInIndex = 1; lastKnownFileType = text.xcconfig; name = "Pods-MyCharts.debug.xcconfig"; path = "Target Support Files/Pods-MyCharts/Pods-MyCharts.debug.xcconfig"; sourceTree = "<group>"; };
		EBE1326F077392E4A0CB011D /* Pods-MyCharts.release.xcconfig */ = {isa = PBXFileReference; includeInIndex = 1; lastKnownFileType = text.xcconfig; name = "Pods-MyCharts.release.xcconfig"; path = "Target Support Files/Pods-MyCharts/Pods-MyCharts.release.xcconfig"; sourceTree = "<group>"; };
/* End PBXFileReference section */

/* Begin PBXFrameworksBuildPhase section */
		740EBFD024A0A8ED005468DE /* Frameworks */ = {
			isa = PBXFrameworksBuildPhase;
			buildActionMask = 2147483647;
			files = (
				04BDA0BBDFA8FDA059349C6A /* Pods_MyCharts.framework in Frameworks */,
			);
			runOnlyForDeploymentPostprocessing = 0;
		};
/* End PBXFrameworksBuildPhase section */

/* Begin PBXGroup section */
		31566DB197740541844AAB20 /* Pods */ = {
			isa = PBXGroup;
			children = (
				D91C8AA310BCF2CDD4390613 /* Pods-MyCharts.debug.xcconfig */,
				EBE1326F077392E4A0CB011D /* Pods-MyCharts.release.xcconfig */,
			);
			name = Pods;
			path = Pods;
			sourceTree = "<group>";
		};
		740EBFCA24A0A8EC005468DE = {
			isa = PBXGroup;
			children = (
				740EBFD524A0A8ED005468DE /* MyCharts */,
				740EBFD424A0A8ED005468DE /* Products */,
				31566DB197740541844AAB20 /* Pods */,
				D0E2B7A5DAD65145DA93AAA7 /* Frameworks */,
			);
			sourceTree = "<group>";
		};
		740EBFD424A0A8ED005468DE /* Products */ = {
			isa = PBXGroup;
			children = (
				740EBFD324A0A8ED005468DE /* MyCharts.app */,
			);
			name = Products;
			sourceTree = "<group>";
		};
		740EBFD524A0A8ED005468DE /* MyCharts */ = {
			isa = PBXGroup;
			children = (
				740EBFD624A0A8ED005468DE /* AppDelegate.swift */,
				740EBFD824A0A8ED005468DE /* SceneDelegate.swift */,
				740EBFDA24A0A8ED005468DE /* ViewController.swift */,
				740EBFDC24A0A8ED005468DE /* Main.storyboard */,
				740EBFDF24A0A8EF005468DE /* Assets.xcassets */,
				740EBFE124A0A8EF005468DE /* LaunchScreen.storyboard */,
				740EBFE424A0A8EF005468DE /* Info.plist */,
			);
			path = MyCharts;
			sourceTree = "<group>";
		};
		D0E2B7A5DAD65145DA93AAA7 /* Frameworks */ = {
			isa = PBXGroup;
			children = (
				16AEE5040F27218F18DADED4 /* Pods_MyCharts.framework */,
			);
			name = Frameworks;
			sourceTree = "<group>";
		};
/* End PBXGroup section */

/* Begin PBXNativeTarget section */
		740EBFD224A0A8ED005468DE /* MyCharts */ = {
			isa = PBXNativeTarget;
			buildConfigurationList = 740EBFE724A0A8EF005468DE /* Build configuration list for PBXNativeTarget "MyCharts" */;
			buildPhases = (
				0063258E29180CD762F68DF9 /* [CP] Check Pods Manifest.lock */,
				740EBFCF24A0A8ED005468DE /* Sources */,
				740EBFD024A0A8ED005468DE /* Frameworks */,
				740EBFD124A0A8ED005468DE /* Resources */,
				30264BBB48FAE3376D8E7A9D /* [CP] Embed Pods Frameworks */,
			);
			buildRules = (
			);
			dependencies = (
			);
			name = MyCharts;
			productName = MyCharts;
			productReference = 740EBFD324A0A8ED005468DE /* MyCharts.app */;
			productType = "com.apple.product-type.application";
		};
/* End PBXNativeTarget section */

/* Begin PBXProject section */
		740EBFCB24A0A8EC005468DE /* Project object */ = {
			isa = PBXProject;
			attributes = {
				LastSwiftUpdateCheck = 1130;
				LastUpgradeCheck = 1130;
				ORGANIZATIONNAME = "Niveus Solutions";
				TargetAttributes = {
					740EBFD224A0A8ED005468DE = {
						CreatedOnToolsVersion = 11.3.1;
					};
				};
			};
			buildConfigurationList = 740EBFCE24A0A8EC005468DE /* Build configuration list for PBXProject "MyCharts" */;
			compatibilityVersion = "Xcode 9.3";
			developmentRegion = en;
			hasScannedForEncodings = 0;
			knownRegions = (
				en,
				Base,
			);
			mainGroup = 740EBFCA24A0A8EC005468DE;
			productRefGroup = 740EBFD424A0A8ED005468DE /* Products */;
			projectDirPath = "";
			projectRoot = "";
			targets = (
				740EBFD224A0A8ED005468DE /* MyCharts */,
			);
		};
/* End PBXProject section */

/* Begin PBXResourcesBuildPhase section */
		740EBFD124A0A8ED005468DE /* Resources */ = {
			isa = PBXResourcesBuildPhase;
			buildActionMask = 2147483647;
			files = (
				740EBFE324A0A8EF005468DE /* LaunchScreen.storyboard in Resources */,
				740EBFE024A0A8EF005468DE /* Assets.xcassets in Resources */,
				740EBFDE24A0A8ED005468DE /* Main.storyboard in Resources */,
			);
			runOnlyForDeploymentPostprocessing = 0;
		};
/* End PBXResourcesBuildPhase section */

/* Begin PBXShellScriptBuildPhase section */
		0063258E29180CD762F68DF9 /* [CP] Check Pods Manifest.lock */ = {
			isa = PBXShellScriptBuildPhase;
			buildActionMask = 2147483647;
			files = (
			);
			inputFileListPaths = (
			);
			inputPaths = (
				"${PODS_PODFILE_DIR_PATH}/Podfile.lock",
				"${PODS_ROOT}/Manifest.lock",
			);
			name = "[CP] Check Pods Manifest.lock";
			outputFileListPaths = (
			);
			outputPaths = (
				"$(DERIVED_FILE_DIR)/Pods-MyCharts-checkManifestLockResult.txt",
			);
			runOnlyForDeploymentPostprocessing = 0;
			shellPath = /bin/sh;
			shellScript = "diff \"${PODS_PODFILE_DIR_PATH}/Podfile.lock\" \"${PODS_ROOT}/Manifest.lock\" > /dev/null\nif [ $? != 0 ] ; then\n    # print error to STDERR\n    echo \"error: The sandbox is not in sync with the Podfile.lock. Run 'pod install' or update your CocoaPods installation.\" >&2\n    exit 1\nfi\n# This output is used by Xcode 'outputs' to avoid re-running this script phase.\necho \"SUCCESS\" > \"${SCRIPT_OUTPUT_FILE_0}\"\n";
			showEnvVarsInLog = 0;
		};
		30264BBB48FAE3376D8E7A9D /* [CP] Embed Pods Frameworks */ = {
			isa = PBXShellScriptBuildPhase;
			buildActionMask = 2147483647;
			files = (
			);
			inputFileListPaths = (
				"${PODS_ROOT}/Target Support Files/Pods-MyCharts/Pods-MyCharts-frameworks-${CONFIGURATION}-input-files.xcfilelist",
			);
			name = "[CP] Embed Pods Frameworks";
			outputFileListPaths = (
				"${PODS_ROOT}/Target Support Files/Pods-MyCharts/Pods-MyCharts-frameworks-${CONFIGURATION}-output-files.xcfilelist",
			);
			runOnlyForDeploymentPostprocessing = 0;
			shellPath = /bin/sh;
			shellScript = "\"${PODS_ROOT}/Target Support Files/Pods-MyCharts/Pods-MyCharts-frameworks.sh\"\n";
			showEnvVarsInLog = 0;
		};
/* End PBXShellScriptBuildPhase section */

/* Begin PBXSourcesBuildPhase section */
		740EBFCF24A0A8ED005468DE /* Sources */ = {
			isa = PBXSourcesBuildPhase;
			buildActionMask = 2147483647;
			files = (
				740EBFDB24A0A8ED005468DE /* ViewController.swift in Sources */,
				740EBFD724A0A8ED005468DE /* AppDelegate.swift in Sources */,
				740EBFD924A0A8ED005468DE /* SceneDelegate.swift in Sources */,
			);
			runOnlyForDeploymentPostprocessing = 0;
		};
/* End PBXSourcesBuildPhase section */

/* Begin PBXVariantGroup section */
		740EBFDC24A0A8ED005468DE /* Main.storyboard */ = {
			isa = PBXVariantGroup;
			children = (
				740EBFDD24A0A8ED005468DE /* Base */,
			);
			name = Main.storyboard;
			sourceTree = "<group>";
		};
		740EBFE124A0A8EF005468DE /* LaunchScreen.storyboard */ = {
			isa = PBXVariantGroup;
			children = (
				740EBFE224A0A8EF005468DE /* Base */,
			);
			name = LaunchScreen.storyboard;
			sourceTree = "<group>";
		};
/* End PBXVariantGroup section */

/* Begin XCBuildConfiguration section */
		740EBFE524A0A8EF005468DE /* Debug */ = {
			isa = XCBuildConfiguration;
			buildSettings = {
				ALWAYS_SEARCH_USER_PATHS = NO;
				CLANG_ANALYZER_NONNULL = YES;
				CLANG_ANALYZER_NUMBER_OBJECT_CONVERSION = YES_AGGRESSIVE;
				CLANG_CXX_LANGUAGE_STANDARD = "gnu++14";
				CLANG_CXX_LIBRARY = "libc++";
				CLANG_ENABLE_MODULES = YES;
				CLANG_ENABLE_OBJC_ARC = YES;
				CLANG_ENABLE_OBJC_WEAK = YES;
				CLANG_WARN_BLOCK_CAPTURE_AUTORELEASING = YES;
				CLANG_WARN_BOOL_CONVERSION = YES;
				CLANG_WARN_COMMA = YES;
				CLANG_WARN_CONSTANT_CONVERSION = YES;
				CLANG_WARN_DEPRECATED_OBJC_IMPLEMENTATIONS = YES;
				CLANG_WARN_DIRECT_OBJC_ISA_USAGE = YES_ERROR;
				CLANG_WARN_DOCUMENTATION_COMMENTS = YES;
				CLANG_WARN_EMPTY_BODY = YES;
				CLANG_WARN_ENUM_CONVERSION = YES;
				CLANG_WARN_INFINITE_RECURSION = YES;
				CLANG_WARN_INT_CONVERSION = YES;
				CLANG_WARN_NON_LITERAL_NULL_CONVERSION = YES;
				CLANG_WARN_OBJC_IMPLICIT_RETAIN_SELF = YES;
				CLANG_WARN_OBJC_LITERAL_CONVERSION = YES;
				CLANG_WARN_OBJC_ROOT_CLASS = YES_ERROR;
				CLANG_WARN_RANGE_LOOP_ANALYSIS = YES;
				CLANG_WARN_STRICT_PROTOTYPES = YES;
				CLANG_WARN_SUSPICIOUS_MOVE = YES;
				CLANG_WARN_UNGUARDED_AVAILABILITY = YES_AGGRESSIVE;
				CLANG_WARN_UNREACHABLE_CODE = YES;
				CLANG_WARN__DUPLICATE_METHOD_MATCH = YES;
				COPY_PHASE_STRIP = NO;
				DEBUG_INFORMATION_FORMAT = dwarf;
				ENABLE_STRICT_OBJC_MSGSEND = YES;
				ENABLE_TESTABILITY = YES;
				GCC_C_LANGUAGE_STANDARD = gnu11;
				GCC_DYNAMIC_NO_PIC = NO;
				GCC_NO_COMMON_BLOCKS = YES;
				GCC_OPTIMIZATION_LEVEL = 0;
				GCC_PREPROCESSOR_DEFINITIONS = (
					"DEBUG=1",
					"$(inherited)",
				);
				GCC_WARN_64_TO_32_BIT_CONVERSION = YES;
				GCC_WARN_ABOUT_RETURN_TYPE = YES_ERROR;
				GCC_WARN_UNDECLARED_SELECTOR = YES;
				GCC_WARN_UNINITIALIZED_AUTOS = YES_AGGRESSIVE;
				GCC_WARN_UNUSED_FUNCTION = YES;
				GCC_WARN_UNUSED_VARIABLE = YES;
				IPHONEOS_DEPLOYMENT_TARGET = 13.2;
				MTL_ENABLE_DEBUG_INFO = INCLUDE_SOURCE;
				MTL_FAST_MATH = YES;
				ONLY_ACTIVE_ARCH = YES;
				SDKROOT = iphoneos;
				SWIFT_ACTIVE_COMPILATION_CONDITIONS = DEBUG;
				SWIFT_OPTIMIZATION_LEVEL = "-Onone";
			};
			name = Debug;
		};
		740EBFE624A0A8EF005468DE /* Release */ = {
			isa = XCBuildConfiguration;
			buildSettings = {
				ALWAYS_SEARCH_USER_PATHS = NO;
				CLANG_ANALYZER_NONNULL = YES;
				CLANG_ANALYZER_NUMBER_OBJECT_CONVERSION = YES_AGGRESSIVE;
				CLANG_CXX_LANGUAGE_STANDARD = "gnu++14";
				CLANG_CXX_LIBRARY = "libc++";
				CLANG_ENABLE_MODULES = YES;
				CLANG_ENABLE_OBJC_ARC = YES;
				CLANG_ENABLE_OBJC_WEAK = YES;
				CLANG_WARN_BLOCK_CAPTURE_AUTORELEASING = YES;
				CLANG_WARN_BOOL_CONVERSION = YES;
				CLANG_WARN_COMMA = YES;
				CLANG_WARN_CONSTANT_CONVERSION = YES;
				CLANG_WARN_DEPRECATED_OBJC_IMPLEMENTATIONS = YES;
				CLANG_WARN_DIRECT_OBJC_ISA_USAGE = YES_ERROR;
				CLANG_WARN_DOCUMENTATION_COMMENTS = YES;
				CLANG_WARN_EMPTY_BODY = YES;
				CLANG_WARN_ENUM_CONVERSION = YES;
				CLANG_WARN_INFINITE_RECURSION = YES;
				CLANG_WARN_INT_CONVERSION = YES;
				CLANG_WARN_NON_LITERAL_NULL_CONVERSION = YES;
				CLANG_WARN_OBJC_IMPLICIT_RETAIN_SELF = YES;
				CLANG_WARN_OBJC_LITERAL_CONVERSION = YES;
				CLANG_WARN_OBJC_ROOT_CLASS = YES_ERROR;
				CLANG_WARN_RANGE_LOOP_ANALYSIS = YES;
				CLANG_WARN_STRICT_PROTOTYPES = YES;
				CLANG_WARN_SUSPICIOUS_MOVE = YES;
				CLANG_WARN_UNGUARDED_AVAILABILITY = YES_AGGRESSIVE;
				CLANG_WARN_UNREACHABLE_CODE = YES;
				CLANG_WARN__DUPLICATE_METHOD_MATCH = YES;
				COPY_PHASE_STRIP = NO;
				DEBUG_INFORMATION_FORMAT = "dwarf-with-dsym";
				ENABLE_NS_ASSERTIONS = NO;
				ENABLE_STRICT_OBJC_MSGSEND = YES;
				GCC_C_LANGUAGE_STANDARD = gnu11;
				GCC_NO_COMMON_BLOCKS = YES;
				GCC_WARN_64_TO_32_BIT_CONVERSION = YES;
				GCC_WARN_ABOUT_RETURN_TYPE = YES_ERROR;
				GCC_WARN_UNDECLARED_SELECTOR = YES;
				GCC_WARN_UNINITIALIZED_AUTOS = YES_AGGRESSIVE;
				GCC_WARN_UNUSED_FUNCTION = YES;
				GCC_WARN_UNUSED_VARIABLE = YES;
				IPHONEOS_DEPLOYMENT_TARGET = 13.2;
				MTL_ENABLE_DEBUG_INFO = NO;
				MTL_FAST_MATH = YES;
				SDKROOT = iphoneos;
				SWIFT_COMPILATION_MODE = wholemodule;
				SWIFT_OPTIMIZATION_LEVEL = "-O";
				VALIDATE_PRODUCT = YES;
			};
			name = Release;
		};
		740EBFE824A0A8EF005468DE /* Debug */ = {
			isa = XCBuildConfiguration;
			baseConfigurationReference = D91C8AA310BCF2CDD4390613 /* Pods-MyCharts.debug.xcconfig */;
			buildSettings = {
				ASSETCATALOG_COMPILER_APPICON_NAME = AppIcon;
				CODE_SIGN_STYLE = Automatic;
				INFOPLIST_FILE = MyCharts/Info.plist;
				LD_RUNPATH_SEARCH_PATHS = (
					"$(inherited)",
					"@executable_path/Frameworks",
				);
				PRODUCT_BUNDLE_IDENTIFIER = com.codessample.MyCharts;
				PRODUCT_NAME = "$(TARGET_NAME)";
				SWIFT_VERSION = 5.0;
				TARGETED_DEVICE_FAMILY = "1,2";
			};
			name = Debug;
		};
		740EBFE924A0A8EF005468DE /* Release */ = {
			isa = XCBuildConfiguration;
			baseConfigurationReference = EBE1326F077392E4A0CB011D /* Pods-MyCharts.release.xcconfig */;
			buildSettings = {
				ASSETCATALOG_COMPILER_APPICON_NAME = AppIcon;
				CODE_SIGN_STYLE = Automatic;
				INFOPLIST_FILE = MyCharts/Info.plist;
				LD_RUNPATH_SEARCH_PATHS = (
					"$(inherited)",
					"@executable_path/Frameworks",
				);
				PRODUCT_BUNDLE_IDENTIFIER = com.codessample.MyCharts;
				PRODUCT_NAME = "$(TARGET_NAME)";
				SWIFT_VERSION = 5.0;
				TARGETED_DEVICE_FAMILY = "1,2";
			};
			name = Release;
		};
/* End XCBuildConfiguration section */

/* Begin XCConfigurationList section */
		740EBFCE24A0A8EC005468DE /* Build configuration list for PBXProject "MyCharts" */ = {
			isa = XCConfigurationList;
			buildConfigurations = (
				740EBFE524A0A8EF005468DE /* Debug */,
				740EBFE624A0A8EF005468DE /* Release */,
			);
			defaultConfigurationIsVisible = 0;
			defaultConfigurationName = Release;
		};
		740EBFE724A0A8EF005468DE /* Build configuration list for PBXNativeTarget "MyCharts" */ = {
			isa = XCConfigurationList;
			buildConfigurations = (
				740EBFE824A0A8EF005468DE /* Debug */,
				740EBFE924A0A8EF005468DE /* Release */,
			);
			defaultConfigurationIsVisible = 0;
			defaultConfigurationName = Release;
		};
/* End XCConfigurationList section */
	};
	rootObject = 740EBFCB24A0A8EC005468DE /* Project object */;
}
